
Microsoft Visual Studio Solution File, Format Version 12.00
# Visual Studio Version 17
VisualStudioVersion = 17.11.35327.3
MinimumVisualStudioVersion = 10.0.40219.1
Project("{FAE04EC0-301F-11D3-BF4B-00C04F79EFBC}") = "splitwise tracker", "splitwise tracker\splitwise tracker.csproj", "{CE235A14-B8DE-40A2-9C00-BB2EA3B588CD}"
EndProject
Global
	GlobalSection(SolutionConfigurationPlatforms) = preSolution
		Debug|Any CPU = Debug|Any CPU
		Release|Any CPU = Release|Any CPU
	EndGlobalSection
	GlobalSection(ProjectConfigurationPlatforms) = postSolution
		{CE235A14-B8DE-40A2-9C00-BB2EA3B588CD}.Debug|Any CPU.ActiveCfg = Debug|Any CPU
		{CE235A14-B8DE-40A2-9C00-BB2EA3B588CD}.Debug|Any CPU.Build.0 = Debug|Any CPU
		{CE235A14-B8DE-40A2-9C00-BB2EA3B588CD}.Release|Any CPU.ActiveCfg = Release|Any CPU
		{CE235A14-B8DE-40A2-9C00-BB2EA3B588CD}.Release|Any CPU.Build.0 = Release|Any CPU
	EndGlobalSection
	GlobalSection(SolutionProperties) = preSolution
		HideSolutionNode = FALSE
	EndGlobalSection
	GlobalSection(ExtensibilityGlobals) = postSolution
		SolutionGuid = {496EF3B6-B466-4F70-8A1B-B10AF0CB4712}
	EndGlobalSection
EndGlobal
