
Microsoft Visual Studio Solution File, Format Version 12.00
# Visual Studio Version 17
VisualStudioVersion = 17.11.35303.130
MinimumVisualStudioVersion = 10.0.40219.1
Project("{9A19103F-16F7-4668-BE54-9A1E7A4F7556}") = "splitwise tracker", "splitwise tracker.csproj", "{BC7547D8-CCAC-4352-9C03-6EEDA25D413D}"
EndProject
Global
	GlobalSection(SolutionConfigurationPlatforms) = preSolution
		Debug|Any CPU = Debug|Any CPU
		Release|Any CPU = Release|Any CPU
	EndGlobalSection
	GlobalSection(ProjectConfigurationPlatforms) = postSolution
		{BC7547D8-CCAC-4352-9C03-6EEDA25D413D}.Debug|Any CPU.ActiveCfg = Debug|Any CPU
		{BC7547D8-CCAC-4352-9C03-6EEDA25D413D}.Debug|Any CPU.Build.0 = Debug|Any CPU
		{BC7547D8-CCAC-4352-9C03-6EEDA25D413D}.Release|Any CPU.ActiveCfg = Release|Any CPU
		{BC7547D8-CCAC-4352-9C03-6EEDA25D413D}.Release|Any CPU.Build.0 = Release|Any CPU
	EndGlobalSection
	GlobalSection(SolutionProperties) = preSolution
		HideSolutionNode = FALSE
	EndGlobalSection
	GlobalSection(ExtensibilityGlobals) = postSolution
		SolutionGuid = {E0FB0AD5-7C22-4749-8DB0-C079C3FCBE5F}
	EndGlobalSection
EndGlobal
